
Microsoft Visual Studio Solution File, Format Version 12.00
# Visual Studio 15
VisualStudioVersion = 15.0.27703.2042
MinimumVisualStudioVersion = 10.0.40219.1
Project("{FAE04EC0-301F-11D3-BF4B-00C04F79EFBC}") = "ColorModifyTest", "ColorModifyTest\ColorModifyTest.csproj", "{CE68BD1E-7C51-4583-B2ED-94C61EEC661E}"
EndProject
Global
	GlobalSection(SolutionConfigurationPlatforms) = preSolution
		Debug|Any CPU = Debug|Any CPU
		Release|Any CPU = Release|Any CPU
	EndGlobalSection
	GlobalSection(ProjectConfigurationPlatforms) = postSolution
		{CE68BD1E-7C51-4583-B2ED-94C61EEC661E}.Debug|Any CPU.ActiveCfg = Debug|Any CPU
		{CE68BD1E-7C51-4583-B2ED-94C61EEC661E}.Debug|Any CPU.Build.0 = Debug|Any CPU
		{CE68BD1E-7C51-4583-B2ED-94C61EEC661E}.Release|Any CPU.ActiveCfg = Release|Any CPU
		{CE68BD1E-7C51-4583-B2ED-94C61EEC661E}.Release|Any CPU.Build.0 = Release|Any CPU
	EndGlobalSection
	GlobalSection(SolutionProperties) = preSolution
		HideSolutionNode = FALSE
	EndGlobalSection
	GlobalSection(ExtensibilityGlobals) = postSolution
		SolutionGuid = {81A7145E-C01E-4386-9B11-257A2DC98121}
	EndGlobalSection
EndGlobal
